# This file is autogenerated, do not edit; changes may be undone by the next 'dep ensure'.


[[projects]]
  branch = "master"
  digest = "1:b781c6ce2a81ea819878fe0e907182aa2d3e55629408a9fdbfdff62789f93614"
  name = "github.com/bluele/slack"
  packages = ["."]
  pruneopts = "UT"
  revision = "b4b4d354a079fbf4bd948faad01b32cecb2ffe03"

[[projects]]
  digest = "1:abeb38ade3f32a92943e5be54f55ed6d6e3b6602761d74b4aab4c9dd45c18abd"
  name = "github.com/fsnotify/fsnotify"
  packages = ["."]
  pruneopts = "UT"
  revision = "c2828203cd70a50dcccfb2761f8b1f8ceef9a8e9"
  version = "v1.4.7"

[[projects]]
  branch = "master"
  digest = "1:5eef5cf248c274efb533f120465207fcf4c45db1c805d1129c0e0d67cc88c3f0"
  name = "github.com/hegedustibor/htgo-tts"
  packages = ["."]
  pruneopts = "UT"
  revision = "874fa9dd16fff739b17864860d13655419649775"

[[projects]]
  digest = "1:9e0bdfdd154584486ba07ba78a4e237389c6ec402fecd4db0d0d84668f17ef57"
  name = "github.com/tensorflow/tensorflow"
  packages = [
    "tensorflow/go",
    "tensorflow/go/op",
  ]
  pruneopts = "UT"
  revision = "6612da89516247503f03ef76e974b51a434fb52e"
  version = "v1.13.1"

[[projects]]
  branch = "master"
  digest = "1:8f5108406bc43c7669b0d67d282e40d05c9f268615fcaf8c1f0f76965aa3f09f"
  name = "golang.org/x/sys"
  packages = ["unix"]
  pruneopts = "UT"
  revision = "4c4f7f33c9ed00de01c4c741d2177abfcfe19307"

[solve-meta]
  analyzer-name = "dep"
  analyzer-version = 1
  input-imports = [
    "github.com/bluele/slack",
    "github.com/fsnotify/fsnotify",
    "github.com/hegedustibor/htgo-tts",
    "github.com/tensorflow/tensorflow/tensorflow/go",
    "github.com/tensorflow/tensorflow/tensorflow/go/op",
  ]
  solver-name = "gps-cdcl"
  solver-version = 1
